
Microsoft Visual Studio Solution File, Format Version 12.00
# Visual Studio Version 17
VisualStudioVersion = 17.14.36301.6
MinimumVisualStudioVersion = 10.0.40219.1
Project("{FAE04EC0-301F-11D3-BF4B-00C04F79EFBC}") = "TelematicsSystem.Contracts", "TelematicsSystem.Contracts\TelematicsSystem.Contracts.csproj", "{78F45336-2CE9-4D30-A6F2-6CBE3AC749FE}"
EndProject
Project("{FAE04EC0-301F-11D3-BF4B-00C04F79EFBC}") = "TelematicsSystem.Abstractions", "TelematicsSystem.Abstractions\TelematicsSystem.Abstractions.csproj", "{91A005D9-20B6-4660-9E17-77F8FEE21297}"
EndProject
Project("{FAE04EC0-301F-11D3-BF4B-00C04F79EFBC}") = "TelematicsSystem.Common", "TelematicsSystem.Common\TelematicsSystem.Common.csproj", "{B4EDB44A-6291-4DD9-BB67-243197998E71}"
EndProject
Project("{FAE04EC0-301F-11D3-BF4B-00C04F79EFBC}") = "TelematicsSystem.Infrastructure", "TelematicsSystem.Infrastructure\TelematicsSystem.Infrastructure.csproj", "{905E2235-ABCD-4489-8FF5-AD5D6A44EAA7}"
EndProject
Global
	GlobalSection(SolutionConfigurationPlatforms) = preSolution
		Debug|Any CPU = Debug|Any CPU
		Release|Any CPU = Release|Any CPU
	EndGlobalSection
	GlobalSection(ProjectConfigurationPlatforms) = postSolution
		{78F45336-2CE9-4D30-A6F2-6CBE3AC749FE}.Debug|Any CPU.ActiveCfg = Debug|Any CPU
		{78F45336-2CE9-4D30-A6F2-6CBE3AC749FE}.Debug|Any CPU.Build.0 = Debug|Any CPU
		{78F45336-2CE9-4D30-A6F2-6CBE3AC749FE}.Release|Any CPU.ActiveCfg = Release|Any CPU
		{78F45336-2CE9-4D30-A6F2-6CBE3AC749FE}.Release|Any CPU.Build.0 = Release|Any CPU
		{91A005D9-20B6-4660-9E17-77F8FEE21297}.Debug|Any CPU.ActiveCfg = Debug|Any CPU
		{91A005D9-20B6-4660-9E17-77F8FEE21297}.Debug|Any CPU.Build.0 = Debug|Any CPU
		{91A005D9-20B6-4660-9E17-77F8FEE21297}.Release|Any CPU.ActiveCfg = Release|Any CPU
		{91A005D9-20B6-4660-9E17-77F8FEE21297}.Release|Any CPU.Build.0 = Release|Any CPU
		{B4EDB44A-6291-4DD9-BB67-243197998E71}.Debug|Any CPU.ActiveCfg = Debug|Any CPU
		{B4EDB44A-6291-4DD9-BB67-243197998E71}.Debug|Any CPU.Build.0 = Debug|Any CPU
		{B4EDB44A-6291-4DD9-BB67-243197998E71}.Release|Any CPU.ActiveCfg = Release|Any CPU
		{B4EDB44A-6291-4DD9-BB67-243197998E71}.Release|Any CPU.Build.0 = Release|Any CPU
		{905E2235-ABCD-4489-8FF5-AD5D6A44EAA7}.Debug|Any CPU.ActiveCfg = Debug|Any CPU
		{905E2235-ABCD-4489-8FF5-AD5D6A44EAA7}.Debug|Any CPU.Build.0 = Debug|Any CPU
		{905E2235-ABCD-4489-8FF5-AD5D6A44EAA7}.Release|Any CPU.ActiveCfg = Release|Any CPU
		{905E2235-ABCD-4489-8FF5-AD5D6A44EAA7}.Release|Any CPU.Build.0 = Release|Any CPU
	EndGlobalSection
	GlobalSection(SolutionProperties) = preSolution
		HideSolutionNode = FALSE
	EndGlobalSection
	GlobalSection(ExtensibilityGlobals) = postSolution
		SolutionGuid = {3DA0BA84-8217-4BA2-8D2A-F06C5D23EF87}
	EndGlobalSection
EndGlobal
