
Microsoft Visual Studio Solution File, Format Version 12.00
# Visual Studio Version 17
VisualStudioVersion = 17.14.36301.6
MinimumVisualStudioVersion = 10.0.40219.1
Project("{FAE04EC0-301F-11D3-BF4B-00C04F79EFBC}") = "TelematicsSystem.Common", "TelematicsSystem.Common\TelematicsSystem.Common.csproj", "{0DC63E06-7328-4D30-BBAA-C9A1510E31AE}"
EndProject
Project("{FAE04EC0-301F-11D3-BF4B-00C04F79EFBC}") = "TelematicsSystem.Infrastructure", "TelematicsSystem.Infrastructure\TelematicsSystem.Infrastructure.csproj", "{945AA459-B47C-4842-8356-8477C5FDA7BA}"
EndProject
Project("{FAE04EC0-301F-11D3-BF4B-00C04F79EFBC}") = "TelematicsSystem.Domain.Events", "TelematicsSystem.Domain.Events\TelematicsSystem.Domain.Events.csproj", "{79BABF44-5838-403A-A7A0-24C6678FD0A5}"
EndProject
Project("{FAE04EC0-301F-11D3-BF4B-00C04F79EFBC}") = "TelematicsSystem.Shared", "TelematicsSystem.Shared\TelematicsSystem.Shared.csproj", "{97035E55-65B0-41E3-851F-CD1841DF8A49}"
EndProject
Global
	GlobalSection(SolutionConfigurationPlatforms) = preSolution
		Debug|Any CPU = Debug|Any CPU
		Release|Any CPU = Release|Any CPU
	EndGlobalSection
	GlobalSection(ProjectConfigurationPlatforms) = postSolution
		{0DC63E06-7328-4D30-BBAA-C9A1510E31AE}.Debug|Any CPU.ActiveCfg = Debug|Any CPU
		{0DC63E06-7328-4D30-BBAA-C9A1510E31AE}.Debug|Any CPU.Build.0 = Debug|Any CPU
		{0DC63E06-7328-4D30-BBAA-C9A1510E31AE}.Release|Any CPU.ActiveCfg = Release|Any CPU
		{0DC63E06-7328-4D30-BBAA-C9A1510E31AE}.Release|Any CPU.Build.0 = Release|Any CPU
		{945AA459-B47C-4842-8356-8477C5FDA7BA}.Debug|Any CPU.ActiveCfg = Debug|Any CPU
		{945AA459-B47C-4842-8356-8477C5FDA7BA}.Debug|Any CPU.Build.0 = Debug|Any CPU
		{945AA459-B47C-4842-8356-8477C5FDA7BA}.Release|Any CPU.ActiveCfg = Release|Any CPU
		{945AA459-B47C-4842-8356-8477C5FDA7BA}.Release|Any CPU.Build.0 = Release|Any CPU
		{79BABF44-5838-403A-A7A0-24C6678FD0A5}.Debug|Any CPU.ActiveCfg = Debug|Any CPU
		{79BABF44-5838-403A-A7A0-24C6678FD0A5}.Debug|Any CPU.Build.0 = Debug|Any CPU
		{79BABF44-5838-403A-A7A0-24C6678FD0A5}.Release|Any CPU.ActiveCfg = Release|Any CPU
		{79BABF44-5838-403A-A7A0-24C6678FD0A5}.Release|Any CPU.Build.0 = Release|Any CPU
		{97035E55-65B0-41E3-851F-CD1841DF8A49}.Debug|Any CPU.ActiveCfg = Debug|Any CPU
		{97035E55-65B0-41E3-851F-CD1841DF8A49}.Debug|Any CPU.Build.0 = Debug|Any CPU
		{97035E55-65B0-41E3-851F-CD1841DF8A49}.Release|Any CPU.ActiveCfg = Release|Any CPU
		{97035E55-65B0-41E3-851F-CD1841DF8A49}.Release|Any CPU.Build.0 = Release|Any CPU
	EndGlobalSection
	GlobalSection(SolutionProperties) = preSolution
		HideSolutionNode = FALSE
	EndGlobalSection
	GlobalSection(ExtensibilityGlobals) = postSolution
		SolutionGuid = {BA0339CF-6E28-41D0-BD2E-90E788330210}
	EndGlobalSection
EndGlobal
