
Microsoft Visual Studio Solution File, Format Version 12.00
# Visual Studio Version 17
VisualStudioVersion = 17.14.36301.6 d17.14
MinimumVisualStudioVersion = 10.0.40219.1
Project("{FAE04EC0-301F-11D3-BF4B-00C04F79EFBC}") = "NotificationManagement.API", "NotificationManagement.API\NotificationManagement.API.csproj", "{1E3D5DF4-5FA3-4298-A6D6-B06A085E6AE2}"
EndProject
Global
	GlobalSection(SolutionConfigurationPlatforms) = preSolution
		Debug|Any CPU = Debug|Any CPU
		Release|Any CPU = Release|Any CPU
	EndGlobalSection
	GlobalSection(ProjectConfigurationPlatforms) = postSolution
		{1E3D5DF4-5FA3-4298-A6D6-B06A085E6AE2}.Debug|Any CPU.ActiveCfg = Debug|Any CPU
		{1E3D5DF4-5FA3-4298-A6D6-B06A085E6AE2}.Debug|Any CPU.Build.0 = Debug|Any CPU
		{1E3D5DF4-5FA3-4298-A6D6-B06A085E6AE2}.Release|Any CPU.ActiveCfg = Release|Any CPU
		{1E3D5DF4-5FA3-4298-A6D6-B06A085E6AE2}.Release|Any CPU.Build.0 = Release|Any CPU
	EndGlobalSection
	GlobalSection(SolutionProperties) = preSolution
		HideSolutionNode = FALSE
	EndGlobalSection
	GlobalSection(ExtensibilityGlobals) = postSolution
		SolutionGuid = {30FC6142-28BB-4B53-AAAB-BC6D2F70A976}
	EndGlobalSection
EndGlobal
